
Microsoft Visual Studio Solution File, Format Version 12.00
# Visual Studio Version 17
VisualStudioVersion = 17.9.34622.214
MinimumVisualStudioVersion = 10.0.40219.1
Project("{FAE04EC0-301F-11D3-BF4B-00C04F79EFBC}") = "RestApiTest", "RestApiTest\RestApiTest.csproj", "{C53389A3-B731-4ACB-B160-A04782FFA0FD}"
EndProject
Global
	GlobalSection(SolutionConfigurationPlatforms) = preSolution
		Debug|Any CPU = Debug|Any CPU
		Release|Any CPU = Release|Any CPU
	EndGlobalSection
	GlobalSection(ProjectConfigurationPlatforms) = postSolution
		{C53389A3-B731-4ACB-B160-A04782FFA0FD}.Debug|Any CPU.ActiveCfg = Debug|Any CPU
		{C53389A3-B731-4ACB-B160-A04782FFA0FD}.Debug|Any CPU.Build.0 = Debug|Any CPU
		{C53389A3-B731-4ACB-B160-A04782FFA0FD}.Release|Any CPU.ActiveCfg = Release|Any CPU
		{C53389A3-B731-4ACB-B160-A04782FFA0FD}.Release|Any CPU.Build.0 = Release|Any CPU
	EndGlobalSection
	GlobalSection(SolutionProperties) = preSolution
		HideSolutionNode = FALSE
	EndGlobalSection
	GlobalSection(ExtensibilityGlobals) = postSolution
		SolutionGuid = {E360B81D-8CF2-4DF9-AF9F-B40C7BDA5472}
	EndGlobalSection
EndGlobal
